
Microsoft Visual Studio Solution File, Format Version 12.00
# Visual Studio Version 17
VisualStudioVersion = 17.7.34031.279
MinimumVisualStudioVersion = 10.0.40219.1
Project("{FAE04EC0-301F-11D3-BF4B-00C04F79EFBC}") = "QuotaRolloverFix", "QuotaRolloverFix\QuotaRolloverFix.csproj", "{735CC108-1737-406A-92D2-1D88683237F7}"
EndProject
Global
	GlobalSection(SolutionConfigurationPlatforms) = preSolution
		Debug|Any CPU = Debug|Any CPU
		Release|Any CPU = Release|Any CPU
	EndGlobalSection
	GlobalSection(ProjectConfigurationPlatforms) = postSolution
		{735CC108-1737-406A-92D2-1D88683237F7}.Debug|Any CPU.ActiveCfg = Debug|Any CPU
		{735CC108-1737-406A-92D2-1D88683237F7}.Debug|Any CPU.Build.0 = Debug|Any CPU
		{735CC108-1737-406A-92D2-1D88683237F7}.Release|Any CPU.ActiveCfg = Release|Any CPU
		{735CC108-1737-406A-92D2-1D88683237F7}.Release|Any CPU.Build.0 = Release|Any CPU
	EndGlobalSection
	GlobalSection(SolutionProperties) = preSolution
		HideSolutionNode = FALSE
	EndGlobalSection
	GlobalSection(ExtensibilityGlobals) = postSolution
		SolutionGuid = {2CBC83C9-3C5A-4D0A-B8C6-2821F65BC8B5}
	EndGlobalSection
EndGlobal
